// !$*UTF8*$!
{
	archiveVersion = 1;
	classes = {
	};
	objectVersion = 52;
	objects = {

/* Begin PBXBuildFile section */
		5A8EA498259C24B100BE521B /* main.swift in Sources */ = {isa = PBXBuildFile; fileRef = 5A8EA497259C24B100BE521B /* main.swift */; };
		5A8EA4A1259C24CE00BE521B /* NISwiftVISAServiceMessages in Frameworks */ = {isa = PBXBuildFile; productRef = 5A8EA4A0259C24CE00BE521B /* NISwiftVISAServiceMessages */; };
		5A8EA4A6259C253A00BE521B /* Processing.swift in Sources */ = {isa = PBXBuildFile; fileRef = 5A8EA4A5259C253A00BE521B /* Processing.swift */; };
		5A8EA4A7259C253A00BE521B /* XPCMessageListener.swift in Sources */ = {isa = PBXBuildFile; fileRef = 5A8EA4A4259C253A00BE521B /* XPCMessageListener.swift */; };
		5A8EA4BC259C305700BE521B /* VISA.framework in Frameworks */ = {isa = PBXBuildFile; fileRef = 5A8EA4BB259C305700BE521B /* VISA.framework */; };
		5A8EA4BD259C305700BE521B /* VISA.framework in Embed Frameworks */ = {isa = PBXBuildFile; fileRef = 5A8EA4BB259C305700BE521B /* VISA.framework */; settings = {ATTRIBUTES = (CodeSignOnCopy, RemoveHeadersOnCopy, ); }; };
/* End PBXBuildFile section */

/* Begin PBXCopyFilesBuildPhase section */
		5A8EA492259C24B100BE521B /* CopyFiles */ = {
			isa = PBXCopyFilesBuildPhase;
			buildActionMask = 2147483647;
			dstPath = /usr/share/man/man1/;
			dstSubfolderSpec = 0;
			files = (
			);
			runOnlyForDeploymentPostprocessing = 1;
		};
		5A8EA4BE259C305700BE521B /* Embed Frameworks */ = {
			isa = PBXCopyFilesBuildPhase;
			buildActionMask = 2147483647;
			dstPath = "";
			dstSubfolderSpec = 10;
			files = (
				5A8EA4BD259C305700BE521B /* VISA.framework in Embed Frameworks */,
			);
			name = "Embed Frameworks";
			runOnlyForDeploymentPostprocessing = 0;
		};
/* End PBXCopyFilesBuildPhase section */

/* Begin PBXFileReference section */
		5A8EA494259C24B100BE521B /* NISwiftVISAService */ = {isa = PBXFileReference; explicitFileType = "compiled.mach-o.executable"; includeInIndex = 0; path = NISwiftVISAService; sourceTree = BUILT_PRODUCTS_DIR; };
		5A8EA497259C24B100BE521B /* main.swift */ = {isa = PBXFileReference; lastKnownFileType = sourcecode.swift; path = main.swift; sourceTree = "<group>"; };
		5A8EA4A4259C253A00BE521B /* XPCMessageListener.swift */ = {isa = PBXFileReference; lastKnownFileType = sourcecode.swift; path = XPCMessageListener.swift; sourceTree = "<group>"; };
		5A8EA4A5259C253A00BE521B /* Processing.swift */ = {isa = PBXFileReference; lastKnownFileType = sourcecode.swift; path = Processing.swift; sourceTree = "<group>"; };
		5A8EA4AA259C274600BE521B /* NISwiftVISAService-BridgingHeader.h */ = {isa = PBXFileReference; lastKnownFileType = sourcecode.c.h; path = "NISwiftVISAService-BridgingHeader.h"; sourceTree = "<group>"; };
		5A8EA4BB259C305700BE521B /* VISA.framework */ = {isa = PBXFileReference; lastKnownFileType = wrapper.framework; name = VISA.framework; path = ../../../../../../../../Library/Frameworks/VISA.framework; sourceTree = "<group>"; };
		5A8EA4BF259C3F3400BE521B /* NISwiftVISAService.entitlements */ = {isa = PBXFileReference; lastKnownFileType = text.plist.entitlements; path = NISwiftVISAService.entitlements; sourceTree = "<group>"; };
/* End PBXFileReference section */

/* Begin PBXFrameworksBuildPhase section */
		5A8EA491259C24B100BE521B /* Frameworks */ = {
			isa = PBXFrameworksBuildPhase;
			buildActionMask = 2147483647;
			files = (
				5A8EA4A1259C24CE00BE521B /* NISwiftVISAServiceMessages in Frameworks */,
				5A8EA4BC259C305700BE521B /* VISA.framework in Frameworks */,
			);
			runOnlyForDeploymentPostprocessing = 0;
		};
/* End PBXFrameworksBuildPhase section */

/* Begin PBXGroup section */
		5A8EA48B259C24B100BE521B = {
			isa = PBXGroup;
			children = (
				5A8EA496259C24B100BE521B /* NISwiftVISAService */,
				5A8EA495259C24B100BE521B /* Products */,
				5A8EA4BA259C305700BE521B /* Frameworks */,
			);
			sourceTree = "<group>";
		};
		5A8EA495259C24B100BE521B /* Products */ = {
			isa = PBXGroup;
			children = (
				5A8EA494259C24B100BE521B /* NISwiftVISAService */,
			);
			name = Products;
			sourceTree = "<group>";
		};
		5A8EA496259C24B100BE521B /* NISwiftVISAService */ = {
			isa = PBXGroup;
			children = (
				5A8EA4BF259C3F3400BE521B /* NISwiftVISAService.entitlements */,
				5A8EA4AA259C274600BE521B /* NISwiftVISAService-BridgingHeader.h */,
				5A8EA497259C24B100BE521B /* main.swift */,
				5A8EA4A4259C253A00BE521B /* XPCMessageListener.swift */,
				5A8EA4A5259C253A00BE521B /* Processing.swift */,
			);
			path = NISwiftVISAService;
			sourceTree = "<group>";
		};
		5A8EA4BA259C305700BE521B /* Frameworks */ = {
			isa = PBXGroup;
			children = (
				5A8EA4BB259C305700BE521B /* VISA.framework */,
			);
			name = Frameworks;
			sourceTree = "<group>";
		};
/* End PBXGroup section */

/* Begin PBXNativeTarget section */
		5A8EA493259C24B100BE521B /* NISwiftVISAService */ = {
			isa = PBXNativeTarget;
			buildConfigurationList = 5A8EA49B259C24B100BE521B /* Build configuration list for PBXNativeTarget "NISwiftVISAService" */;
			buildPhases = (
				5A8EA490259C24B100BE521B /* Sources */,
				5A8EA491259C24B100BE521B /* Frameworks */,
				5A8EA492259C24B100BE521B /* CopyFiles */,
				5A8EA4BE259C305700BE521B /* Embed Frameworks */,
			);
			buildRules = (
			);
			dependencies = (
			);
			name = NISwiftVISAService;
			packageProductDependencies = (
				5A8EA4A0259C24CE00BE521B /* NISwiftVISAServiceMessages */,
			);
			productName = NISwiftVISAService;
			productReference = 5A8EA494259C24B100BE521B /* NISwiftVISAService */;
			productType = "com.apple.product-type.tool";
		};
/* End PBXNativeTarget section */

/* Begin PBXProject section */
		5A8EA48C259C24B100BE521B /* Project object */ = {
			isa = PBXProject;
			attributes = {
				LastSwiftUpdateCheck = 1230;
				LastUpgradeCheck = 1230;
				TargetAttributes = {
					5A8EA493259C24B100BE521B = {
						CreatedOnToolsVersion = 12.3;
					};
				};
			};
			buildConfigurationList = 5A8EA48F259C24B100BE521B /* Build configuration list for PBXProject "NISwiftVISAService" */;
			compatibilityVersion = "Xcode 9.3";
			developmentRegion = en;
			hasScannedForEncodings = 0;
			knownRegions = (
				en,
				Base,
			);
			mainGroup = 5A8EA48B259C24B100BE521B;
			packageReferences = (
				5A8EA49F259C24CE00BE521B /* XCRemoteSwiftPackageReference "NISwiftVISAServiceMessages" */,
			);
			productRefGroup = 5A8EA495259C24B100BE521B /* Products */;
			projectDirPath = "";
			projectRoot = "";
			targets = (
				5A8EA493259C24B100BE521B /* NISwiftVISAService */,
			);
		};
/* End PBXProject section */

/* Begin PBXSourcesBuildPhase section */
		5A8EA490259C24B100BE521B /* Sources */ = {
			isa = PBXSourcesBuildPhase;
			buildActionMask = 2147483647;
			files = (
				5A8EA4A6259C253A00BE521B /* Processing.swift in Sources */,
				5A8EA4A7259C253A00BE521B /* XPCMessageListener.swift in Sources */,
				5A8EA498259C24B100BE521B /* main.swift in Sources */,
			);
			runOnlyForDeploymentPostprocessing = 0;
		};
/* End PBXSourcesBuildPhase section */

/* Begin XCBuildConfiguration section */
		5A8EA499259C24B100BE521B /* Debug */ = {
			isa = XCBuildConfiguration;
			buildSettings = {
				ALWAYS_SEARCH_USER_PATHS = NO;
				CLANG_ANALYZER_NONNULL = YES;
				CLANG_ANALYZER_NUMBER_OBJECT_CONVERSION = YES_AGGRESSIVE;
				CLANG_CXX_LANGUAGE_STANDARD = "gnu++14";
				CLANG_CXX_LIBRARY = "libc++";
				CLANG_ENABLE_MODULES = YES;
				CLANG_ENABLE_OBJC_ARC = YES;
				CLANG_ENABLE_OBJC_WEAK = YES;
				CLANG_WARN_BLOCK_CAPTURE_AUTORELEASING = YES;
				CLANG_WARN_BOOL_CONVERSION = YES;
				CLANG_WARN_COMMA = YES;
				CLANG_WARN_CONSTANT_CONVERSION = YES;
				CLANG_WARN_DEPRECATED_OBJC_IMPLEMENTATIONS = YES;
				CLANG_WARN_DIRECT_OBJC_ISA_USAGE = YES_ERROR;
				CLANG_WARN_DOCUMENTATION_COMMENTS = YES;
				CLANG_WARN_EMPTY_BODY = YES;
				CLANG_WARN_ENUM_CONVERSION = YES;
				CLANG_WARN_INFINITE_RECURSION = YES;
				CLANG_WARN_INT_CONVERSION = YES;
				CLANG_WARN_NON_LITERAL_NULL_CONVERSION = YES;
				CLANG_WARN_OBJC_IMPLICIT_RETAIN_SELF = YES;
				CLANG_WARN_OBJC_LITERAL_CONVERSION = YES;
				CLANG_WARN_OBJC_ROOT_CLASS = YES_ERROR;
				CLANG_WARN_QUOTED_INCLUDE_IN_FRAMEWORK_HEADER = YES;
				CLANG_WARN_RANGE_LOOP_ANALYSIS = YES;
				CLANG_WARN_STRICT_PROTOTYPES = YES;
				CLANG_WARN_SUSPICIOUS_MOVE = YES;
				CLANG_WARN_UNGUARDED_AVAILABILITY = YES_AGGRESSIVE;
				CLANG_WARN_UNREACHABLE_CODE = YES;
				CLANG_WARN__DUPLICATE_METHOD_MATCH = YES;
				COPY_PHASE_STRIP = NO;
				DEBUG_INFORMATION_FORMAT = dwarf;
				ENABLE_STRICT_OBJC_MSGSEND = YES;
				ENABLE_TESTABILITY = YES;
				GCC_C_LANGUAGE_STANDARD = gnu11;
				GCC_DYNAMIC_NO_PIC = NO;
				GCC_NO_COMMON_BLOCKS = YES;
				GCC_OPTIMIZATION_LEVEL = 0;
				GCC_PREPROCESSOR_DEFINITIONS = (
					"DEBUG=1",
					"$(inherited)",
				);
				GCC_WARN_64_TO_32_BIT_CONVERSION = YES;
				GCC_WARN_ABOUT_RETURN_TYPE = YES_ERROR;
				GCC_WARN_UNDECLARED_SELECTOR = YES;
				GCC_WARN_UNINITIALIZED_AUTOS = YES_AGGRESSIVE;
				GCC_WARN_UNUSED_FUNCTION = YES;
				GCC_WARN_UNUSED_VARIABLE = YES;
				MACOSX_DEPLOYMENT_TARGET = 11.1;
				MTL_ENABLE_DEBUG_INFO = INCLUDE_SOURCE;
				MTL_FAST_MATH = YES;
				ONLY_ACTIVE_ARCH = YES;
				SDKROOT = macosx;
				SWIFT_ACTIVE_COMPILATION_CONDITIONS = DEBUG;
				SWIFT_OPTIMIZATION_LEVEL = "-Onone";
			};
			name = Debug;
		};
		5A8EA49A259C24B100BE521B /* Release */ = {
			isa = XCBuildConfiguration;
			buildSettings = {
				ALWAYS_SEARCH_USER_PATHS = NO;
				CLANG_ANALYZER_NONNULL = YES;
				CLANG_ANALYZER_NUMBER_OBJECT_CONVERSION = YES_AGGRESSIVE;
				CLANG_CXX_LANGUAGE_STANDARD = "gnu++14";
				CLANG_CXX_LIBRARY = "libc++";
				CLANG_ENABLE_MODULES = YES;
				CLANG_ENABLE_OBJC_ARC = YES;
				CLANG_ENABLE_OBJC_WEAK = YES;
				CLANG_WARN_BLOCK_CAPTURE_AUTORELEASING = YES;
				CLANG_WARN_BOOL_CONVERSION = YES;
				CLANG_WARN_COMMA = YES;
				CLANG_WARN_CONSTANT_CONVERSION = YES;
				CLANG_WARN_DEPRECATED_OBJC_IMPLEMENTATIONS = YES;
				CLANG_WARN_DIRECT_OBJC_ISA_USAGE = YES_ERROR;
				CLANG_WARN_DOCUMENTATION_COMMENTS = YES;
				CLANG_WARN_EMPTY_BODY = YES;
				CLANG_WARN_ENUM_CONVERSION = YES;
				CLANG_WARN_INFINITE_RECURSION = YES;
				CLANG_WARN_INT_CONVERSION = YES;
				CLANG_WARN_NON_LITERAL_NULL_CONVERSION = YES;
				CLANG_WARN_OBJC_IMPLICIT_RETAIN_SELF = YES;
				CLANG_WARN_OBJC_LITERAL_CONVERSION = YES;
				CLANG_WARN_OBJC_ROOT_CLASS = YES_ERROR;
				CLANG_WARN_QUOTED_INCLUDE_IN_FRAMEWORK_HEADER = YES;
				CLANG_WARN_RANGE_LOOP_ANALYSIS = YES;
				CLANG_WARN_STRICT_PROTOTYPES = YES;
				CLANG_WARN_SUSPICIOUS_MOVE = YES;
				CLANG_WARN_UNGUARDED_AVAILABILITY = YES_AGGRESSIVE;
				CLANG_WARN_UNREACHABLE_CODE = YES;
				CLANG_WARN__DUPLICATE_METHOD_MATCH = YES;
				COPY_PHASE_STRIP = NO;
				DEBUG_INFORMATION_FORMAT = "dwarf-with-dsym";
				ENABLE_NS_ASSERTIONS = NO;
				ENABLE_STRICT_OBJC_MSGSEND = YES;
				GCC_C_LANGUAGE_STANDARD = gnu11;
				GCC_NO_COMMON_BLOCKS = YES;
				GCC_WARN_64_TO_32_BIT_CONVERSION = YES;
				GCC_WARN_ABOUT_RETURN_TYPE = YES_ERROR;
				GCC_WARN_UNDECLARED_SELECTOR = YES;
				GCC_WARN_UNINITIALIZED_AUTOS = YES_AGGRESSIVE;
				GCC_WARN_UNUSED_FUNCTION = YES;
				GCC_WARN_UNUSED_VARIABLE = YES;
				MACOSX_DEPLOYMENT_TARGET = 11.1;
				MTL_ENABLE_DEBUG_INFO = NO;
				MTL_FAST_MATH = YES;
				SDKROOT = macosx;
				SWIFT_COMPILATION_MODE = wholemodule;
				SWIFT_OPTIMIZATION_LEVEL = "-O";
			};
			name = Release;
		};
		5A8EA49C259C24B100BE521B /* Debug */ = {
			isa = XCBuildConfiguration;
			buildSettings = {
				ARCHS = x86_64;
				CODE_SIGN_ENTITLEMENTS = NISwiftVISAService/NISwiftVISAService.entitlements;
				CODE_SIGN_STYLE = Automatic;
				DEVELOPMENT_TEAM = 3ER597LK99;
				ENABLE_HARDENED_RUNTIME = YES;
				EXCLUDED_ARCHS = arm64;
				FRAMEWORK_SEARCH_PATHS = (
					"$(inherited)",
					"$(LOCAL_LIBRARY_DIR)/Frameworks",
				);
				LD_VERIFY_BITCODE = NO;
				MACOSX_DEPLOYMENT_TARGET = 10.10;
				PRODUCT_BUNDLE_IDENTIFIER = com.swiftvisa.NISwiftVISAService;
				PRODUCT_NAME = "$(TARGET_NAME)";
				SWIFT_OBJC_BRIDGING_HEADER = "${SRCROOT}/NISwiftVISAService/NISwiftVISAService-BridgingHeader.h";
				SWIFT_VERSION = 5.0;
			};
			name = Debug;
		};
		5A8EA49D259C24B100BE521B /* Release */ = {
			isa = XCBuildConfiguration;
			buildSettings = {
				ARCHS = x86_64;
				CODE_SIGN_ENTITLEMENTS = NISwiftVISAService/NISwiftVISAService.entitlements;
				CODE_SIGN_STYLE = Automatic;
				DEVELOPMENT_TEAM = 3ER597LK99;
				ENABLE_HARDENED_RUNTIME = YES;
				EXCLUDED_ARCHS = arm64;
				FRAMEWORK_SEARCH_PATHS = (
					"$(inherited)",
					"$(LOCAL_LIBRARY_DIR)/Frameworks",
				);
				LD_VERIFY_BITCODE = NO;
				MACOSX_DEPLOYMENT_TARGET = 10.10;
				PRODUCT_BUNDLE_IDENTIFIER = com.swiftvisa.NISwiftVISAService;
				PRODUCT_NAME = "$(TARGET_NAME)";
				SWIFT_OBJC_BRIDGING_HEADER = "${SRCROOT}/NISwiftVISAService/NISwiftVISAService-BridgingHeader.h";
				SWIFT_VERSION = 5.0;
			};
			name = Release;
		};
/* End XCBuildConfiguration section */

/* Begin XCConfigurationList section */
		5A8EA48F259C24B100BE521B /* Build configuration list for PBXProject "NISwiftVISAService" */ = {
			isa = XCConfigurationList;
			buildConfigurations = (
				5A8EA499259C24B100BE521B /* Debug */,
				5A8EA49A259C24B100BE521B /* Release */,
			);
			defaultConfigurationIsVisible = 0;
			defaultConfigurationName = Release;
		};
		5A8EA49B259C24B100BE521B /* Build configuration list for PBXNativeTarget "NISwiftVISAService" */ = {
			isa = XCConfigurationList;
			buildConfigurations = (
				5A8EA49C259C24B100BE521B /* Debug */,
				5A8EA49D259C24B100BE521B /* Release */,
			);
			defaultConfigurationIsVisible = 0;
			defaultConfigurationName = Release;
		};
/* End XCConfigurationList section */

/* Begin XCRemoteSwiftPackageReference section */
		5A8EA49F259C24CE00BE521B /* XCRemoteSwiftPackageReference "NISwiftVISAServiceMessages" */ = {
			isa = XCRemoteSwiftPackageReference;
			repositoryURL = "https://github.com/SwiftVISA/NISwiftVISAServiceMessages.git";
			requirement = {
				kind = upToNextMinorVersion;
				minimumVersion = 0.1.0;
			};
		};
/* End XCRemoteSwiftPackageReference section */

/* Begin XCSwiftPackageProductDependency section */
		5A8EA4A0259C24CE00BE521B /* NISwiftVISAServiceMessages */ = {
			isa = XCSwiftPackageProductDependency;
			package = 5A8EA49F259C24CE00BE521B /* XCRemoteSwiftPackageReference "NISwiftVISAServiceMessages" */;
			productName = NISwiftVISAServiceMessages;
		};
/* End XCSwiftPackageProductDependency section */
	};
	rootObject = 5A8EA48C259C24B100BE521B /* Project object */;
}
